// !$*UTF8*$!
{
	archiveVersion = 1;
	classes = {
	};
	objectVersion = 46;
	objects = {

/* Begin PBXBuildFile section */
		588098F81F341C8800697253 /* main.m in Sources */ = {isa = PBXBuildFile; fileRef = 588098F71F341C8800697253 /* main.m */; };
		588098FB1F341C8800697253 /* AppDelegate.m in Sources */ = {isa = PBXBuildFile; fileRef = 588098FA1F341C8800697253 /* AppDelegate.m */; };
		588098FE1F341C8800697253 /* ViewController.m in Sources */ = {isa = PBXBuildFile; fileRef = 588098FD1F341C8800697253 /* ViewController.m */; };
		588099011F341C8800697253 /* Main.storyboard in Resources */ = {isa = PBXBuildFile; fileRef = 588098FF1F341C8800697253 /* Main.storyboard */; };
		588099031F341C8800697253 /* Assets.xcassets in Resources */ = {isa = PBXBuildFile; fileRef = 588099021F341C8800697253 /* Assets.xcassets */; };
		588099061F341C8800697253 /* LaunchScreen.storyboard in Resources */ = {isa = PBXBuildFile; fileRef = 588099041F341C8800697253 /* LaunchScreen.storyboard */; };
		588099111F341C8800697253 /* TestImageViewCorner2017080401Tests.m in Sources */ = {isa = PBXBuildFile; fileRef = 588099101F341C8800697253 /* TestImageViewCorner2017080401Tests.m */; };
		5880991C1F341C8800697253 /* TestImageViewCorner2017080401UITests.m in Sources */ = {isa = PBXBuildFile; fileRef = 5880991B1F341C8800697253 /* TestImageViewCorner2017080401UITests.m */; };
		58D43D751F341E8000F25ECF /* UIImage+Corner.m in Sources */ = {isa = PBXBuildFile; fileRef = 58D43D741F341E8000F25ECF /* UIImage+Corner.m */; };
/* End PBXBuildFile section */

/* Begin PBXContainerItemProxy section */
		5880990D1F341C8800697253 /* PBXContainerItemProxy */ = {
			isa = PBXContainerItemProxy;
			containerPortal = 588098EB1F341C8800697253 /* Project object */;
			proxyType = 1;
			remoteGlobalIDString = 588098F21F341C8800697253;
			remoteInfo = TestImageViewCorner2017080401;
		};
		588099181F341C8800697253 /* PBXContainerItemProxy */ = {
			isa = PBXContainerItemProxy;
			containerPortal = 588098EB1F341C8800697253 /* Project object */;
			proxyType = 1;
			remoteGlobalIDString = 588098F21F341C8800697253;
			remoteInfo = TestImageViewCorner2017080401;
		};
/* End PBXContainerItemProxy section */

/* Begin PBXFileReference section */
		588098F31F341C8800697253 /* TestImageViewCorner2017080401.app */ = {isa = PBXFileReference; explicitFileType = wrapper.application; includeInIndex = 0; path = TestImageViewCorner2017080401.app; sourceTree = BUILT_PRODUCTS_DIR; };
		588098F71F341C8800697253 /* main.m */ = {isa = PBXFileReference; lastKnownFileType = sourcecode.c.objc; path = main.m; sourceTree = "<group>"; };
		588098F91F341C8800697253 /* AppDelegate.h */ = {isa = PBXFileReference; lastKnownFileType = sourcecode.c.h; path = AppDelegate.h; sourceTree = "<group>"; };
		588098FA1F341C8800697253 /* AppDelegate.m */ = {isa = PBXFileReference; lastKnownFileType = sourcecode.c.objc; path = AppDelegate.m; sourceTree = "<group>"; };
		588098FC1F341C8800697253 /* ViewController.h */ = {isa = PBXFileReference; lastKnownFileType = sourcecode.c.h; path = ViewController.h; sourceTree = "<group>"; };
		588098FD1F341C8800697253 /* ViewController.m */ = {isa = PBXFileReference; lastKnownFileType = sourcecode.c.objc; path = ViewController.m; sourceTree = "<group>"; };
		588099001F341C8800697253 /* Base */ = {isa = PBXFileReference; lastKnownFileType = file.storyboard; name = Base; path = Base.lproj/Main.storyboard; sourceTree = "<group>"; };
		588099021F341C8800697253 /* Assets.xcassets */ = {isa = PBXFileReference; lastKnownFileType = folder.assetcatalog; path = Assets.xcassets; sourceTree = "<group>"; };
		588099051F341C8800697253 /* Base */ = {isa = PBXFileReference; lastKnownFileType = file.storyboard; name = Base; path = Base.lproj/LaunchScreen.storyboard; sourceTree = "<group>"; };
		588099071F341C8800697253 /* Info.plist */ = {isa = PBXFileReference; lastKnownFileType = text.plist.xml; path = Info.plist; sourceTree = "<group>"; };
		5880990C1F341C8800697253 /* TestImageViewCorner2017080401Tests.xctest */ = {isa = PBXFileReference; explicitFileType = wrapper.cfbundle; includeInIndex = 0; path = TestImageViewCorner2017080401Tests.xctest; sourceTree = BUILT_PRODUCTS_DIR; };
		588099101F341C8800697253 /* TestImageViewCorner2017080401Tests.m */ = {isa = PBXFileReference; lastKnownFileType = sourcecode.c.objc; path = TestImageViewCorner2017080401Tests.m; sourceTree = "<group>"; };
		588099121F341C8800697253 /* Info.plist */ = {isa = PBXFileReference; lastKnownFileType = text.plist.xml; path = Info.plist; sourceTree = "<group>"; };
		588099171F341C8800697253 /* TestImageViewCorner2017080401UITests.xctest */ = {isa = PBXFileReference; explicitFileType = wrapper.cfbundle; includeInIndex = 0; path = TestImageViewCorner2017080401UITests.xctest; sourceTree = BUILT_PRODUCTS_DIR; };
		5880991B1F341C8800697253 /* TestImageViewCorner2017080401UITests.m */ = {isa = PBXFileReference; lastKnownFileType = sourcecode.c.objc; path = TestImageViewCorner2017080401UITests.m; sourceTree = "<group>"; };
		5880991D1F341C8800697253 /* Info.plist */ = {isa = PBXFileReference; lastKnownFileType = text.plist.xml; path = Info.plist; sourceTree = "<group>"; };
		58D43D731F341E8000F25ECF /* UIImage+Corner.h */ = {isa = PBXFileReference; fileEncoding = 4; lastKnownFileType = sourcecode.c.h; path = "UIImage+Corner.h"; sourceTree = "<group>"; };
		58D43D741F341E8000F25ECF /* UIImage+Corner.m */ = {isa = PBXFileReference; fileEncoding = 4; lastKnownFileType = sourcecode.c.objc; path = "UIImage+Corner.m"; sourceTree = "<group>"; };
/* End PBXFileReference section */

/* Begin PBXFrameworksBuildPhase section */
		588098F01F341C8800697253 /* Frameworks */ = {
			isa = PBXFrameworksBuildPhase;
			buildActionMask = 2147483647;
			files = (
			);
			runOnlyForDeploymentPostprocessing = 0;
		};
		588099091F341C8800697253 /* Frameworks */ = {
			isa = PBXFrameworksBuildPhase;
			buildActionMask = 2147483647;
			files = (
			);
			runOnlyForDeploymentPostprocessing = 0;
		};
		588099141F341C8800697253 /* Frameworks */ = {
			isa = PBXFrameworksBuildPhase;
			buildActionMask = 2147483647;
			files = (
			);
			runOnlyForDeploymentPostprocessing = 0;
		};
/* End PBXFrameworksBuildPhase section */

/* Begin PBXGroup section */
		588098EA1F341C8800697253 = {
			isa = PBXGroup;
			children = (
				588098F51F341C8800697253 /* TestImageViewCorner2017080401 */,
				5880990F1F341C8800697253 /* TestImageViewCorner2017080401Tests */,
				5880991A1F341C8800697253 /* TestImageViewCorner2017080401UITests */,
				588098F41F341C8800697253 /* Products */,
			);
			sourceTree = "<group>";
		};
		588098F41F341C8800697253 /* Products */ = {
			isa = PBXGroup;
			children = (
				588098F31F341C8800697253 /* TestImageViewCorner2017080401.app */,
				5880990C1F341C8800697253 /* TestImageViewCorner2017080401Tests.xctest */,
				588099171F341C8800697253 /* TestImageViewCorner2017080401UITests.xctest */,
			);
			name = Products;
			sourceTree = "<group>";
		};
		588098F51F341C8800697253 /* TestImageViewCorner2017080401 */ = {
			isa = PBXGroup;
			children = (
				58D43D721F341DE400F25ECF /* ImageViewCorner */,
				588098F91F341C8800697253 /* AppDelegate.h */,
				588098FA1F341C8800697253 /* AppDelegate.m */,
				588098FC1F341C8800697253 /* ViewController.h */,
				588098FD1F341C8800697253 /* ViewController.m */,
				588098FF1F341C8800697253 /* Main.storyboard */,
				588099021F341C8800697253 /* Assets.xcassets */,
				588099041F341C8800697253 /* LaunchScreen.storyboard */,
				588099071F341C8800697253 /* Info.plist */,
				588098F61F341C8800697253 /* Supporting Files */,
			);
			path = TestImageViewCorner2017080401;
			sourceTree = "<group>";
		};
		588098F61F341C8800697253 /* Supporting Files */ = {
			isa = PBXGroup;
			children = (
				588098F71F341C8800697253 /* main.m */,
			);
			name = "Supporting Files";
			sourceTree = "<group>";
		};
		5880990F1F341C8800697253 /* TestImageViewCorner2017080401Tests */ = {
			isa = PBXGroup;
			children = (
				588099101F341C8800697253 /* TestImageViewCorner2017080401Tests.m */,
				588099121F341C8800697253 /* Info.plist */,
			);
			path = TestImageViewCorner2017080401Tests;
			sourceTree = "<group>";
		};
		5880991A1F341C8800697253 /* TestImageViewCorner2017080401UITests */ = {
			isa = PBXGroup;
			children = (
				5880991B1F341C8800697253 /* TestImageViewCorner2017080401UITests.m */,
				5880991D1F341C8800697253 /* Info.plist */,
			);
			path = TestImageViewCorner2017080401UITests;
			sourceTree = "<group>";
		};
		58D43D721F341DE400F25ECF /* ImageViewCorner */ = {
			isa = PBXGroup;
			children = (
				58D43D731F341E8000F25ECF /* UIImage+Corner.h */,
				58D43D741F341E8000F25ECF /* UIImage+Corner.m */,
			);
			path = ImageViewCorner;
			sourceTree = "<group>";
		};
/* End PBXGroup section */

/* Begin PBXNativeTarget section */
		588098F21F341C8800697253 /* TestImageViewCorner2017080401 */ = {
			isa = PBXNativeTarget;
			buildConfigurationList = 588099201F341C8800697253 /* Build configuration list for PBXNativeTarget "TestImageViewCorner2017080401" */;
			buildPhases = (
				588098EF1F341C8800697253 /* Sources */,
				588098F01F341C8800697253 /* Frameworks */,
				588098F11F341C8800697253 /* Resources */,
			);
			buildRules = (
			);
			dependencies = (
			);
			name = TestImageViewCorner2017080401;
			productName = TestImageViewCorner2017080401;
			productReference = 588098F31F341C8800697253 /* TestImageViewCorner2017080401.app */;
			productType = "com.apple.product-type.application";
		};
		5880990B1F341C8800697253 /* TestImageViewCorner2017080401Tests */ = {
			isa = PBXNativeTarget;
			buildConfigurationList = 588099231F341C8800697253 /* Build configuration list for PBXNativeTarget "TestImageViewCorner2017080401Tests" */;
			buildPhases = (
				588099081F341C8800697253 /* Sources */,
				588099091F341C8800697253 /* Frameworks */,
				5880990A1F341C8800697253 /* Resources */,
			);
			buildRules = (
			);
			dependencies = (
				5880990E1F341C8800697253 /* PBXTargetDependency */,
			);
			name = TestImageViewCorner2017080401Tests;
			productName = TestImageViewCorner2017080401Tests;
			productReference = 5880990C1F341C8800697253 /* TestImageViewCorner2017080401Tests.xctest */;
			productType = "com.apple.product-type.bundle.unit-test";
		};
		588099161F341C8800697253 /* TestImageViewCorner2017080401UITests */ = {
			isa = PBXNativeTarget;
			buildConfigurationList = 588099261F341C8800697253 /* Build configuration list for PBXNativeTarget "TestImageViewCorner2017080401UITests" */;
			buildPhases = (
				588099131F341C8800697253 /* Sources */,
				588099141F341C8800697253 /* Frameworks */,
				588099151F341C8800697253 /* Resources */,
			);
			buildRules = (
			);
			dependencies = (
				588099191F341C8800697253 /* PBXTargetDependency */,
			);
			name = TestImageViewCorner2017080401UITests;
			productName = TestImageViewCorner2017080401UITests;
			productReference = 588099171F341C8800697253 /* TestImageViewCorner2017080401UITests.xctest */;
			productType = "com.apple.product-type.bundle.ui-testing";
		};
/* End PBXNativeTarget section */

/* Begin PBXProject section */
		588098EB1F341C8800697253 /* Project object */ = {
			isa = PBXProject;
			attributes = {
				LastUpgradeCheck = 0830;
				ORGANIZATIONNAME = amglfk;
				TargetAttributes = {
					588098F21F341C8800697253 = {
						CreatedOnToolsVersion = 8.3.3;
						DevelopmentTeam = ZASED3YPE7;
						ProvisioningStyle = Manual;
					};
					5880990B1F341C8800697253 = {
						CreatedOnToolsVersion = 8.3.3;
						ProvisioningStyle = Automatic;
						TestTargetID = 588098F21F341C8800697253;
					};
					588099161F341C8800697253 = {
						CreatedOnToolsVersion = 8.3.3;
						ProvisioningStyle = Automatic;
						TestTargetID = 588098F21F341C8800697253;
					};
				};
			};
			buildConfigurationList = 588098EE1F341C8800697253 /* Build configuration list for PBXProject "TestImageViewCorner2017080401" */;
			compatibilityVersion = "Xcode 3.2";
			developmentRegion = English;
			hasScannedForEncodings = 0;
			knownRegions = (
				en,
				Base,
			);
			mainGroup = 588098EA1F341C8800697253;
			productRefGroup = 588098F41F341C8800697253 /* Products */;
			projectDirPath = "";
			projectRoot = "";
			targets = (
				588098F21F341C8800697253 /* TestImageViewCorner2017080401 */,
				5880990B1F341C8800697253 /* TestImageViewCorner2017080401Tests */,
				588099161F341C8800697253 /* TestImageViewCorner2017080401UITests */,
			);
		};
/* End PBXProject section */

/* Begin PBXResourcesBuildPhase section */
		588098F11F341C8800697253 /* Resources */ = {
			isa = PBXResourcesBuildPhase;
			buildActionMask = 2147483647;
			files = (
				588099061F341C8800697253 /* LaunchScreen.storyboard in Resources */,
				588099031F341C8800697253 /* Assets.xcassets in Resources */,
				588099011F341C8800697253 /* Main.storyboard in Resources */,
			);
			runOnlyForDeploymentPostprocessing = 0;
		};
		5880990A1F341C8800697253 /* Resources */ = {
			isa = PBXResourcesBuildPhase;
			buildActionMask = 2147483647;
			files = (
			);
			runOnlyForDeploymentPostprocessing = 0;
		};
		588099151F341C8800697253 /* Resources */ = {
			isa = PBXResourcesBuildPhase;
			buildActionMask = 2147483647;
			files = (
			);
			runOnlyForDeploymentPostprocessing = 0;
		};
/* End PBXResourcesBuildPhase section */

/* Begin PBXSourcesBuildPhase section */
		588098EF1F341C8800697253 /* Sources */ = {
			isa = PBXSourcesBuildPhase;
			buildActionMask = 2147483647;
			files = (
				58D43D751F341E8000F25ECF /* UIImage+Corner.m in Sources */,
				588098FE1F341C8800697253 /* ViewController.m in Sources */,
				588098FB1F341C8800697253 /* AppDelegate.m in Sources */,
				588098F81F341C8800697253 /* main.m in Sources */,
			);
			runOnlyForDeploymentPostprocessing = 0;
		};
		588099081F341C8800697253 /* Sources */ = {
			isa = PBXSourcesBuildPhase;
			buildActionMask = 2147483647;
			files = (
				588099111F341C8800697253 /* TestImageViewCorner2017080401Tests.m in Sources */,
			);
			runOnlyForDeploymentPostprocessing = 0;
		};
		588099131F341C8800697253 /* Sources */ = {
			isa = PBXSourcesBuildPhase;
			buildActionMask = 2147483647;
			files = (
				5880991C1F341C8800697253 /* TestImageViewCorner2017080401UITests.m in Sources */,
			);
			runOnlyForDeploymentPostprocessing = 0;
		};
/* End PBXSourcesBuildPhase section */

/* Begin PBXTargetDependency section */
		5880990E1F341C8800697253 /* PBXTargetDependency */ = {
			isa = PBXTargetDependency;
			target = 588098F21F341C8800697253 /* TestImageViewCorner2017080401 */;
			targetProxy = 5880990D1F341C8800697253 /* PBXContainerItemProxy */;
		};
		588099191F341C8800697253 /* PBXTargetDependency */ = {
			isa = PBXTargetDependency;
			target = 588098F21F341C8800697253 /* TestImageViewCorner2017080401 */;
			targetProxy = 588099181F341C8800697253 /* PBXContainerItemProxy */;
		};
/* End PBXTargetDependency section */

/* Begin PBXVariantGroup section */
		588098FF1F341C8800697253 /* Main.storyboard */ = {
			isa = PBXVariantGroup;
			children = (
				588099001F341C8800697253 /* Base */,
			);
			name = Main.storyboard;
			sourceTree = "<group>";
		};
		588099041F341C8800697253 /* LaunchScreen.storyboard */ = {
			isa = PBXVariantGroup;
			children = (
				588099051F341C8800697253 /* Base */,
			);
			name = LaunchScreen.storyboard;
			sourceTree = "<group>";
		};
/* End PBXVariantGroup section */

/* Begin XCBuildConfiguration section */
		5880991E1F341C8800697253 /* Debug */ = {
			isa = XCBuildConfiguration;
			buildSettings = {
				ALWAYS_SEARCH_USER_PATHS = NO;
				CLANG_ANALYZER_NONNULL = YES;
				CLANG_ANALYZER_NUMBER_OBJECT_CONVERSION = YES_AGGRESSIVE;
				CLANG_CXX_LANGUAGE_STANDARD = "gnu++0x";
				CLANG_CXX_LIBRARY = "libc++";
				CLANG_ENABLE_MODULES = YES;
				CLANG_ENABLE_OBJC_ARC = YES;
				CLANG_WARN_BOOL_CONVERSION = YES;
				CLANG_WARN_CONSTANT_CONVERSION = YES;
				CLANG_WARN_DIRECT_OBJC_ISA_USAGE = YES_ERROR;
				CLANG_WARN_DOCUMENTATION_COMMENTS = YES;
				CLANG_WARN_EMPTY_BODY = YES;
				CLANG_WARN_ENUM_CONVERSION = YES;
				CLANG_WARN_INFINITE_RECURSION = YES;
				CLANG_WARN_INT_CONVERSION = YES;
				CLANG_WARN_OBJC_ROOT_CLASS = YES_ERROR;
				CLANG_WARN_SUSPICIOUS_MOVE = YES;
				CLANG_WARN_UNREACHABLE_CODE = YES;
				CLANG_WARN__DUPLICATE_METHOD_MATCH = YES;
				"CODE_SIGN_IDENTITY[sdk=iphoneos*]" = "iPhone Developer";
				COPY_PHASE_STRIP = NO;
				DEBUG_INFORMATION_FORMAT = dwarf;
				ENABLE_STRICT_OBJC_MSGSEND = YES;
				ENABLE_TESTABILITY = YES;
				GCC_C_LANGUAGE_STANDARD = gnu99;
				GCC_DYNAMIC_NO_PIC = NO;
				GCC_NO_COMMON_BLOCKS = YES;
				GCC_OPTIMIZATION_LEVEL = 0;
				GCC_PREPROCESSOR_DEFINITIONS = (
					"DEBUG=1",
					"$(inherited)",
				);
				GCC_WARN_64_TO_32_BIT_CONVERSION = YES;
				GCC_WARN_ABOUT_RETURN_TYPE = YES_ERROR;
				GCC_WARN_UNDECLARED_SELECTOR = YES;
				GCC_WARN_UNINITIALIZED_AUTOS = YES_AGGRESSIVE;
				GCC_WARN_UNUSED_FUNCTION = YES;
				GCC_WARN_UNUSED_VARIABLE = YES;
				IPHONEOS_DEPLOYMENT_TARGET = 10.3;
				MTL_ENABLE_DEBUG_INFO = YES;
				ONLY_ACTIVE_ARCH = YES;
				SDKROOT = iphoneos;
			};
			name = Debug;
		};
		5880991F1F341C8800697253 /* Release */ = {
			isa = XCBuildConfiguration;
			buildSettings = {
				ALWAYS_SEARCH_USER_PATHS = NO;
				CLANG_ANALYZER_NONNULL = YES;
				CLANG_ANALYZER_NUMBER_OBJECT_CONVERSION = YES_AGGRESSIVE;
				CLANG_CXX_LANGUAGE_STANDARD = "gnu++0x";
				CLANG_CXX_LIBRARY = "libc++";
				CLANG_ENABLE_MODULES = YES;
				CLANG_ENABLE_OBJC_ARC = YES;
				CLANG_WARN_BOOL_CONVERSION = YES;
				CLANG_WARN_CONSTANT_CONVERSION = YES;
				CLANG_WARN_DIRECT_OBJC_ISA_USAGE = YES_ERROR;
				CLANG_WARN_DOCUMENTATION_COMMENTS = YES;
				CLANG_WARN_EMPTY_BODY = YES;
				CLANG_WARN_ENUM_CONVERSION = YES;
				CLANG_WARN_INFINITE_RECURSION = YES;
				CLANG_WARN_INT_CONVERSION = YES;
				CLANG_WARN_OBJC_ROOT_CLASS = YES_ERROR;
				CLANG_WARN_SUSPICIOUS_MOVE = YES;
				CLANG_WARN_UNREACHABLE_CODE = YES;
				CLANG_WARN__DUPLICATE_METHOD_MATCH = YES;
				"CODE_SIGN_IDENTITY[sdk=iphoneos*]" = "iPhone Developer";
				COPY_PHASE_STRIP = NO;
				DEBUG_INFORMATION_FORMAT = "dwarf-with-dsym";
				ENABLE_NS_ASSERTIONS = NO;
				ENABLE_STRICT_OBJC_MSGSEND = YES;
				GCC_C_LANGUAGE_STANDARD = gnu99;
				GCC_NO_COMMON_BLOCKS = YES;
				GCC_WARN_64_TO_32_BIT_CONVERSION = YES;
				GCC_WARN_ABOUT_RETURN_TYPE = YES_ERROR;
				GCC_WARN_UNDECLARED_SELECTOR = YES;
				GCC_WARN_UNINITIALIZED_AUTOS = YES_AGGRESSIVE;
				GCC_WARN_UNUSED_FUNCTION = YES;
				GCC_WARN_UNUSED_VARIABLE = YES;
				IPHONEOS_DEPLOYMENT_TARGET = 10.3;
				MTL_ENABLE_DEBUG_INFO = NO;
				SDKROOT = iphoneos;
				VALIDATE_PRODUCT = YES;
			};
			name = Release;
		};
		588099211F341C8800697253 /* Debug */ = {
			isa = XCBuildConfiguration;
			buildSettings = {
				ASSETCATALOG_COMPILER_APPICON_NAME = AppIcon;
				"CODE_SIGN_IDENTITY[sdk=iphoneos*]" = "iPhone Developer";
				DEVELOPMENT_TEAM = ZASED3YPE7;
				INFOPLIST_FILE = TestImageViewCorner2017080401/Info.plist;
				IPHONEOS_DEPLOYMENT_TARGET = 10.0;
				LD_RUNPATH_SEARCH_PATHS = "$(inherited) @executable_path/Frameworks";
				PRODUCT_BUNDLE_IDENTIFIER = com.aomygod.aomaijia;
				PRODUCT_NAME = "$(TARGET_NAME)";
				PROVISIONING_PROFILE = "f8d76c6a-abe2-4f15-8704-17f041646749";
				PROVISIONING_PROFILE_SPECIFIER = Development_Profile;
			};
			name = Debug;
		};
		588099221F341C8800697253 /* Release */ = {
			isa = XCBuildConfiguration;
			buildSettings = {
				ASSETCATALOG_COMPILER_APPICON_NAME = AppIcon;
				"CODE_SIGN_IDENTITY[sdk=iphoneos*]" = "iPhone Developer";
				DEVELOPMENT_TEAM = ZASED3YPE7;
				INFOPLIST_FILE = TestImageViewCorner2017080401/Info.plist;
				IPHONEOS_DEPLOYMENT_TARGET = 10.0;
				LD_RUNPATH_SEARCH_PATHS = "$(inherited) @executable_path/Frameworks";
				PRODUCT_BUNDLE_IDENTIFIER = com.aomygod.aomaijia;
				PRODUCT_NAME = "$(TARGET_NAME)";
				PROVISIONING_PROFILE = "f8d76c6a-abe2-4f15-8704-17f041646749";
				PROVISIONING_PROFILE_SPECIFIER = Development_Profile;
			};
			name = Release;
		};
		588099241F341C8800697253 /* Debug */ = {
			isa = XCBuildConfiguration;
			buildSettings = {
				BUNDLE_LOADER = "$(TEST_HOST)";
				INFOPLIST_FILE = TestImageViewCorner2017080401Tests/Info.plist;
				LD_RUNPATH_SEARCH_PATHS = "$(inherited) @executable_path/Frameworks @loader_path/Frameworks";
				PRODUCT_BUNDLE_IDENTIFIER = aomygod.com.TestImageViewCorner2017080401Tests;
				PRODUCT_NAME = "$(TARGET_NAME)";
				TEST_HOST = "$(BUILT_PRODUCTS_DIR)/TestImageViewCorner2017080401.app/TestImageViewCorner2017080401";
			};
			name = Debug;
		};
		588099251F341C8800697253 /* Release */ = {
			isa = XCBuildConfiguration;
			buildSettings = {
				BUNDLE_LOADER = "$(TEST_HOST)";
				INFOPLIST_FILE = TestImageViewCorner2017080401Tests/Info.plist;
				LD_RUNPATH_SEARCH_PATHS = "$(inherited) @executable_path/Frameworks @loader_path/Frameworks";
				PRODUCT_BUNDLE_IDENTIFIER = aomygod.com.TestImageViewCorner2017080401Tests;
				PRODUCT_NAME = "$(TARGET_NAME)";
				TEST_HOST = "$(BUILT_PRODUCTS_DIR)/TestImageViewCorner2017080401.app/TestImageViewCorner2017080401";
			};
			name = Release;
		};
		588099271F341C8800697253 /* Debug */ = {
			isa = XCBuildConfiguration;
			buildSettings = {
				INFOPLIST_FILE = TestImageViewCorner2017080401UITests/Info.plist;
				LD_RUNPATH_SEARCH_PATHS = "$(inherited) @executable_path/Frameworks @loader_path/Frameworks";
				PRODUCT_BUNDLE_IDENTIFIER = aomygod.com.TestImageViewCorner2017080401UITests;
				PRODUCT_NAME = "$(TARGET_NAME)";
				TEST_TARGET_NAME = TestImageViewCorner2017080401;
			};
			name = Debug;
		};
		588099281F341C8800697253 /* Release */ = {
			isa = XCBuildConfiguration;
			buildSettings = {
				INFOPLIST_FILE = TestImageViewCorner2017080401UITests/Info.plist;
				LD_RUNPATH_SEARCH_PATHS = "$(inherited) @executable_path/Frameworks @loader_path/Frameworks";
				PRODUCT_BUNDLE_IDENTIFIER = aomygod.com.TestImageViewCorner2017080401UITests;
				PRODUCT_NAME = "$(TARGET_NAME)";
				TEST_TARGET_NAME = TestImageViewCorner2017080401;
			};
			name = Release;
		};
/* End XCBuildConfiguration section */

/* Begin XCConfigurationList section */
		588098EE1F341C8800697253 /* Build configuration list for PBXProject "TestImageViewCorner2017080401" */ = {
			isa = XCConfigurationList;
			buildConfigurations = (
				5880991E1F341C8800697253 /* Debug */,
				5880991F1F341C8800697253 /* Release */,
			);
			defaultConfigurationIsVisible = 0;
			defaultConfigurationName = Release;
		};
		588099201F341C8800697253 /* Build configuration list for PBXNativeTarget "TestImageViewCorner2017080401" */ = {
			isa = XCConfigurationList;
			buildConfigurations = (
				588099211F341C8800697253 /* Debug */,
				588099221F341C8800697253 /* Release */,
			);
			defaultConfigurationIsVisible = 0;
			defaultConfigurationName = Release;
		};
		588099231F341C8800697253 /* Build configuration list for PBXNativeTarget "TestImageViewCorner2017080401Tests" */ = {
			isa = XCConfigurationList;
			buildConfigurations = (
				588099241F341C8800697253 /* Debug */,
				588099251F341C8800697253 /* Release */,
			);
			defaultConfigurationIsVisible = 0;
			defaultConfigurationName = Release;
		};
		588099261F341C8800697253 /* Build configuration list for PBXNativeTarget "TestImageViewCorner2017080401UITests" */ = {
			isa = XCConfigurationList;
			buildConfigurations = (
				588099271F341C8800697253 /* Debug */,
				588099281F341C8800697253 /* Release */,
			);
			defaultConfigurationIsVisible = 0;
			defaultConfigurationName = Release;
		};
/* End XCConfigurationList section */
	};
	rootObject = 588098EB1F341C8800697253 /* Project object */;
}
